
Microsoft Visual Studio Solution File, Format Version 12.00
# Visual Studio Version 17
VisualStudioVersion = 17.8.34525.116
MinimumVisualStudioVersion = 10.0.40219.1
Project("{8BC9CEB8-8B4A-11D0-8D11-00A0C91BC942}") = "cgex", "cgex.vcxproj", "{530BA30E-FD2D-4B35-9D38-758C25C081A1}"
EndProject
Project("{8BC9CEB8-8B4A-11D0-8D11-00A0C91BC942}") = "Sandbox", "Sandbox\Sandbox.vcxproj", "{7ACB9AFF-F6C2-491E-8809-5A5C2FA25775}"
EndProject
Global
	GlobalSection(SolutionConfigurationPlatforms) = preSolution
		Debug|x64 = Debug|x64
		Release|x64 = Release|x64
	EndGlobalSection
	GlobalSection(ProjectConfigurationPlatforms) = postSolution
		{530BA30E-FD2D-4B35-9D38-758C25C081A1}.Debug|x64.ActiveCfg = Debug|x64
		{530BA30E-FD2D-4B35-9D38-758C25C081A1}.Debug|x64.Build.0 = Debug|x64
		{530BA30E-FD2D-4B35-9D38-758C25C081A1}.Release|x64.ActiveCfg = Release|x64
		{530BA30E-FD2D-4B35-9D38-758C25C081A1}.Release|x64.Build.0 = Release|x64
		{7ACB9AFF-F6C2-491E-8809-5A5C2FA25775}.Debug|x64.ActiveCfg = Debug|x64
		{7ACB9AFF-F6C2-491E-8809-5A5C2FA25775}.Debug|x64.Build.0 = Debug|x64
		{7ACB9AFF-F6C2-491E-8809-5A5C2FA25775}.Release|x64.ActiveCfg = Release|x64
		{7ACB9AFF-F6C2-491E-8809-5A5C2FA25775}.Release|x64.Build.0 = Release|x64
	EndGlobalSection
	GlobalSection(SolutionProperties) = preSolution
		HideSolutionNode = FALSE
	EndGlobalSection
	GlobalSection(ExtensibilityGlobals) = postSolution
		SolutionGuid = {2A423465-8264-4FF2-A933-1DF54E169B45}
	EndGlobalSection
EndGlobal
